// !$*UTF8*$!
{
	archiveVersion = 1;
	classes = {
	};
	objectVersion = 50;
	objects = {

/* Begin PBXBuildFile section */
		5A0620D12461F0220067ED4A /* AppDelegate.swift in Sources */ = {isa = PBXBuildFile; fileRef = 5A0620D02461F0220067ED4A /* AppDelegate.swift */; };
		5A0620D32461F0220067ED4A /* SceneDelegate.swift in Sources */ = {isa = PBXBuildFile; fileRef = 5A0620D22461F0220067ED4A /* SceneDelegate.swift */; };
		5A0620D82461F0220067ED4A /* Main.storyboard in Resources */ = {isa = PBXBuildFile; fileRef = 5A0620D62461F0220067ED4A /* Main.storyboard */; };
		5A0620DA2461F0230067ED4A /* Assets.xcassets in Resources */ = {isa = PBXBuildFile; fileRef = 5A0620D92461F0230067ED4A /* Assets.xcassets */; };
		5A0620DD2461F0230067ED4A /* LaunchScreen.storyboard in Resources */ = {isa = PBXBuildFile; fileRef = 5A0620DB2461F0230067ED4A /* LaunchScreen.storyboard */; };
		5A0620E52461F2320067ED4A /* GigsTableViewController.swift in Sources */ = {isa = PBXBuildFile; fileRef = 5A0620E42461F2320067ED4A /* GigsTableViewController.swift */; };
		5A0620E72461F63A0067ED4A /* LoginViewController.swift in Sources */ = {isa = PBXBuildFile; fileRef = 5A0620E62461F63A0067ED4A /* LoginViewController.swift */; };
		5A0620EF2461FE4B0067ED4A /* Bearer.swift in Sources */ = {isa = PBXBuildFile; fileRef = 5A0620EE2461FE4B0067ED4A /* Bearer.swift */; };
		5A0620F12461FE750067ED4A /* User.swift in Sources */ = {isa = PBXBuildFile; fileRef = 5A0620F02461FE750067ED4A /* User.swift */; };
		5A0620F32461FEB10067ED4A /* GigController.swift in Sources */ = {isa = PBXBuildFile; fileRef = 5A0620F22461FEB10067ED4A /* GigController.swift */; };
		5AD618F02463666C00603B9C /* GigDetailViewController.swift in Sources */ = {isa = PBXBuildFile; fileRef = 5AD618EF2463666C00603B9C /* GigDetailViewController.swift */; };
		5AD618F22463670200603B9C /* Gig.swift in Sources */ = {isa = PBXBuildFile; fileRef = 5AD618F12463670200603B9C /* Gig.swift */; };
/* End PBXBuildFile section */

/* Begin PBXFileReference section */
		5A0620CD2461F0220067ED4A /* Gigs_iOS17.app */ = {isa = PBXFileReference; explicitFileType = wrapper.application; includeInIndex = 0; path = Gigs_iOS17.app; sourceTree = BUILT_PRODUCTS_DIR; };
		5A0620D02461F0220067ED4A /* AppDelegate.swift */ = {isa = PBXFileReference; lastKnownFileType = sourcecode.swift; path = AppDelegate.swift; sourceTree = "<group>"; };
		5A0620D22461F0220067ED4A /* SceneDelegate.swift */ = {isa = PBXFileReference; lastKnownFileType = sourcecode.swift; path = SceneDelegate.swift; sourceTree = "<group>"; };
		5A0620D72461F0220067ED4A /* Base */ = {isa = PBXFileReference; lastKnownFileType = file.storyboard; name = Base; path = Base.lproj/Main.storyboard; sourceTree = "<group>"; };
		5A0620D92461F0230067ED4A /* Assets.xcassets */ = {isa = PBXFileReference; lastKnownFileType = folder.assetcatalog; path = Assets.xcassets; sourceTree = "<group>"; };
		5A0620DC2461F0230067ED4A /* Base */ = {isa = PBXFileReference; lastKnownFileType = file.storyboard; name = Base; path = Base.lproj/LaunchScreen.storyboard; sourceTree = "<group>"; };
		5A0620DE2461F0230067ED4A /* Info.plist */ = {isa = PBXFileReference; lastKnownFileType = text.plist.xml; path = Info.plist; sourceTree = "<group>"; };
		5A0620E42461F2320067ED4A /* GigsTableViewController.swift */ = {isa = PBXFileReference; lastKnownFileType = sourcecode.swift; path = GigsTableViewController.swift; sourceTree = "<group>"; };
		5A0620E62461F63A0067ED4A /* LoginViewController.swift */ = {isa = PBXFileReference; lastKnownFileType = sourcecode.swift; path = LoginViewController.swift; sourceTree = "<group>"; };
		5A0620EE2461FE4B0067ED4A /* Bearer.swift */ = {isa = PBXFileReference; lastKnownFileType = sourcecode.swift; path = Bearer.swift; sourceTree = "<group>"; };
		5A0620F02461FE750067ED4A /* User.swift */ = {isa = PBXFileReference; lastKnownFileType = sourcecode.swift; path = User.swift; sourceTree = "<group>"; };
		5A0620F22461FEB10067ED4A /* GigController.swift */ = {isa = PBXFileReference; lastKnownFileType = sourcecode.swift; path = GigController.swift; sourceTree = "<group>"; };
		5AD618EF2463666C00603B9C /* GigDetailViewController.swift */ = {isa = PBXFileReference; lastKnownFileType = sourcecode.swift; path = GigDetailViewController.swift; sourceTree = "<group>"; };
		5AD618F12463670200603B9C /* Gig.swift */ = {isa = PBXFileReference; lastKnownFileType = sourcecode.swift; path = Gig.swift; sourceTree = "<group>"; };
/* End PBXFileReference section */

/* Begin PBXFrameworksBuildPhase section */
		5A0620CA2461F0220067ED4A /* Frameworks */ = {
			isa = PBXFrameworksBuildPhase;
			buildActionMask = 2147483647;
			files = (
			);
			runOnlyForDeploymentPostprocessing = 0;
		};
/* End PBXFrameworksBuildPhase section */

/* Begin PBXGroup section */
		5A0620C42461F0220067ED4A = {
			isa = PBXGroup;
			children = (
				5A0620CF2461F0220067ED4A /* Gigs_iOS17 */,
				5A0620CE2461F0220067ED4A /* Products */,
			);
			sourceTree = "<group>";
		};
		5A0620CE2461F0220067ED4A /* Products */ = {
			isa = PBXGroup;
			children = (
				5A0620CD2461F0220067ED4A /* Gigs_iOS17.app */,
			);
			name = Products;
			sourceTree = "<group>";
		};
		5A0620CF2461F0220067ED4A /* Gigs_iOS17 */ = {
			isa = PBXGroup;
			children = (
				5A0620E92461F8000067ED4A /* Models */,
				5A0620EC2461F8480067ED4A /* View */,
				5A0620E82461F7F50067ED4A /* ViewControllers */,
				5A0620EA2461F80B0067ED4A /* Controller */,
				5A0620ED2461F8590067ED4A /* Resources */,
				5A0620DE2461F0230067ED4A /* Info.plist */,
			);
			path = Gigs_iOS17;
			sourceTree = "<group>";
		};
		5A0620E82461F7F50067ED4A /* ViewControllers */ = {
			isa = PBXGroup;
			children = (
				5A0620E62461F63A0067ED4A /* LoginViewController.swift */,
				5A0620E42461F2320067ED4A /* GigsTableViewController.swift */,
				5AD618EF2463666C00603B9C /* GigDetailViewController.swift */,
			);
			path = ViewControllers;
			sourceTree = "<group>";
		};
		5A0620E92461F8000067ED4A /* Models */ = {
			isa = PBXGroup;
			children = (
				5A0620EE2461FE4B0067ED4A /* Bearer.swift */,
				5A0620F02461FE750067ED4A /* User.swift */,
				5AD618F12463670200603B9C /* Gig.swift */,
			);
			path = Models;
			sourceTree = "<group>";
		};
		5A0620EA2461F80B0067ED4A /* Controller */ = {
			isa = PBXGroup;
			children = (
				5A0620F22461FEB10067ED4A /* GigController.swift */,
			);
			path = Controller;
			sourceTree = "<group>";
		};
		5A0620EB2461F8400067ED4A /* Storyboard */ = {
			isa = PBXGroup;
			children = (
				5A0620D62461F0220067ED4A /* Main.storyboard */,
			);
			path = Storyboard;
			sourceTree = "<group>";
		};
		5A0620EC2461F8480067ED4A /* View */ = {
			isa = PBXGroup;
			children = (
				5A0620EB2461F8400067ED4A /* Storyboard */,
			);
			path = View;
			sourceTree = "<group>";
		};
		5A0620ED2461F8590067ED4A /* Resources */ = {
			isa = PBXGroup;
			children = (
				5A0620D22461F0220067ED4A /* SceneDelegate.swift */,
				5A0620D02461F0220067ED4A /* AppDelegate.swift */,
				5A0620D92461F0230067ED4A /* Assets.xcassets */,
				5A0620DB2461F0230067ED4A /* LaunchScreen.storyboard */,
			);
			path = Resources;
			sourceTree = "<group>";
		};
/* End PBXGroup section */

/* Begin PBXNativeTarget section */
		5A0620CC2461F0220067ED4A /* Gigs_iOS17 */ = {
			isa = PBXNativeTarget;
			buildConfigurationList = 5A0620E12461F0230067ED4A /* Build configuration list for PBXNativeTarget "Gigs_iOS17" */;
			buildPhases = (
				5A0620C92461F0220067ED4A /* Sources */,
				5A0620CA2461F0220067ED4A /* Frameworks */,
				5A0620CB2461F0220067ED4A /* Resources */,
			);
			buildRules = (
			);
			dependencies = (
			);
			name = Gigs_iOS17;
			productName = Gigs_iOS17;
			productReference = 5A0620CD2461F0220067ED4A /* Gigs_iOS17.app */;
			productType = "com.apple.product-type.application";
		};
/* End PBXNativeTarget section */

/* Begin PBXProject section */
		5A0620C52461F0220067ED4A /* Project object */ = {
			isa = PBXProject;
			attributes = {
				LastSwiftUpdateCheck = 1140;
				LastUpgradeCheck = 1140;
				ORGANIZATIONNAME = "Stephanie Ballard";
				TargetAttributes = {
					5A0620CC2461F0220067ED4A = {
						CreatedOnToolsVersion = 11.4.1;
					};
				};
			};
			buildConfigurationList = 5A0620C82461F0220067ED4A /* Build configuration list for PBXProject "Gigs_iOS17" */;
			compatibilityVersion = "Xcode 9.3";
			developmentRegion = en;
			hasScannedForEncodings = 0;
			knownRegions = (
				en,
				Base,
			);
			mainGroup = 5A0620C42461F0220067ED4A;
			productRefGroup = 5A0620CE2461F0220067ED4A /* Products */;
			projectDirPath = "";
			projectRoot = "";
			targets = (
				5A0620CC2461F0220067ED4A /* Gigs_iOS17 */,
			);
		};
/* End PBXProject section */

/* Begin PBXResourcesBuildPhase section */
		5A0620CB2461F0220067ED4A /* Resources */ = {
			isa = PBXResourcesBuildPhase;
			buildActionMask = 2147483647;
			files = (
				5A0620DD2461F0230067ED4A /* LaunchScreen.storyboard in Resources */,
				5A0620DA2461F0230067ED4A /* Assets.xcassets in Resources */,
				5A0620D82461F0220067ED4A /* Main.storyboard in Resources */,
			);
			runOnlyForDeploymentPostprocessing = 0;
		};
/* End PBXResourcesBuildPhase section */

/* Begin PBXSourcesBuildPhase section */
		5A0620C92461F0220067ED4A /* Sources */ = {
			isa = PBXSourcesBuildPhase;
			buildActionMask = 2147483647;
			files = (
				5A0620EF2461FE4B0067ED4A /* Bearer.swift in Sources */,
				5AD618F02463666C00603B9C /* GigDetailViewController.swift in Sources */,
				5A0620F32461FEB10067ED4A /* GigController.swift in Sources */,
				5A0620E72461F63A0067ED4A /* LoginViewController.swift in Sources */,
				5A0620F12461FE750067ED4A /* User.swift in Sources */,
				5A0620D12461F0220067ED4A /* AppDelegate.swift in Sources */,
				5A0620D32461F0220067ED4A /* SceneDelegate.swift in Sources */,
				5A0620E52461F2320067ED4A /* GigsTableViewController.swift in Sources */,
				5AD618F22463670200603B9C /* Gig.swift in Sources */,
			);
			runOnlyForDeploymentPostprocessing = 0;
		};
/* End PBXSourcesBuildPhase section */

/* Begin PBXVariantGroup section */
		5A0620D62461F0220067ED4A /* Main.storyboard */ = {
			isa = PBXVariantGroup;
			children = (
				5A0620D72461F0220067ED4A /* Base */,
			);
			name = Main.storyboard;
			sourceTree = "<group>";
		};
		5A0620DB2461F0230067ED4A /* LaunchScreen.storyboard */ = {
			isa = PBXVariantGroup;
			children = (
				5A0620DC2461F0230067ED4A /* Base */,
			);
			name = LaunchScreen.storyboard;
			sourceTree = "<group>";
		};
/* End PBXVariantGroup section */

/* Begin XCBuildConfiguration section */
		5A0620DF2461F0230067ED4A /* Debug */ = {
			isa = XCBuildConfiguration;
			buildSettings = {
				ALWAYS_SEARCH_USER_PATHS = NO;
				CLANG_ANALYZER_NONNULL = YES;
				CLANG_ANALYZER_NUMBER_OBJECT_CONVERSION = YES_AGGRESSIVE;
				CLANG_CXX_LANGUAGE_STANDARD = "gnu++14";
				CLANG_CXX_LIBRARY = "libc++";
				CLANG_ENABLE_MODULES = YES;
				CLANG_ENABLE_OBJC_ARC = YES;
				CLANG_ENABLE_OBJC_WEAK = YES;
				CLANG_WARN_BLOCK_CAPTURE_AUTORELEASING = YES;
				CLANG_WARN_BOOL_CONVERSION = YES;
				CLANG_WARN_COMMA = YES;
				CLANG_WARN_CONSTANT_CONVERSION = YES;
				CLANG_WARN_DEPRECATED_OBJC_IMPLEMENTATIONS = YES;
				CLANG_WARN_DIRECT_OBJC_ISA_USAGE = YES_ERROR;
				CLANG_WARN_DOCUMENTATION_COMMENTS = YES;
				CLANG_WARN_EMPTY_BODY = YES;
				CLANG_WARN_ENUM_CONVERSION = YES;
				CLANG_WARN_INFINITE_RECURSION = YES;
				CLANG_WARN_INT_CONVERSION = YES;
				CLANG_WARN_NON_LITERAL_NULL_CONVERSION = YES;
				CLANG_WARN_OBJC_IMPLICIT_RETAIN_SELF = YES;
				CLANG_WARN_OBJC_LITERAL_CONVERSION = YES;
				CLANG_WARN_OBJC_ROOT_CLASS = YES_ERROR;
				CLANG_WARN_RANGE_LOOP_ANALYSIS = YES;
				CLANG_WARN_STRICT_PROTOTYPES = YES;
				CLANG_WARN_SUSPICIOUS_MOVE = YES;
				CLANG_WARN_UNGUARDED_AVAILABILITY = YES_AGGRESSIVE;
				CLANG_WARN_UNREACHABLE_CODE = YES;
				CLANG_WARN__DUPLICATE_METHOD_MATCH = YES;
				COPY_PHASE_STRIP = NO;
				DEBUG_INFORMATION_FORMAT = dwarf;
				ENABLE_STRICT_OBJC_MSGSEND = YES;
				ENABLE_TESTABILITY = YES;
				GCC_C_LANGUAGE_STANDARD = gnu11;
				GCC_DYNAMIC_NO_PIC = NO;
				GCC_NO_COMMON_BLOCKS = YES;
				GCC_OPTIMIZATION_LEVEL = 0;
				GCC_PREPROCESSOR_DEFINITIONS = (
					"DEBUG=1",
					"$(inherited)",
				);
				GCC_WARN_64_TO_32_BIT_CONVERSION = YES;
				GCC_WARN_ABOUT_RETURN_TYPE = YES_ERROR;
				GCC_WARN_UNDECLARED_SELECTOR = YES;
				GCC_WARN_UNINITIALIZED_AUTOS = YES_AGGRESSIVE;
				GCC_WARN_UNUSED_FUNCTION = YES;
				GCC_WARN_UNUSED_VARIABLE = YES;
				IPHONEOS_DEPLOYMENT_TARGET = 13.4;
				MTL_ENABLE_DEBUG_INFO = INCLUDE_SOURCE;
				MTL_FAST_MATH = YES;
				ONLY_ACTIVE_ARCH = YES;
				SDKROOT = iphoneos;
				SWIFT_ACTIVE_COMPILATION_CONDITIONS = DEBUG;
				SWIFT_OPTIMIZATION_LEVEL = "-Onone";
			};
			name = Debug;
		};
		5A0620E02461F0230067ED4A /* Release */ = {
			isa = XCBuildConfiguration;
			buildSettings = {
				ALWAYS_SEARCH_USER_PATHS = NO;
				CLANG_ANALYZER_NONNULL = YES;
				CLANG_ANALYZER_NUMBER_OBJECT_CONVERSION = YES_AGGRESSIVE;
				CLANG_CXX_LANGUAGE_STANDARD = "gnu++14";
				CLANG_CXX_LIBRARY = "libc++";
				CLANG_ENABLE_MODULES = YES;
				CLANG_ENABLE_OBJC_ARC = YES;
				CLANG_ENABLE_OBJC_WEAK = YES;
				CLANG_WARN_BLOCK_CAPTURE_AUTORELEASING = YES;
				CLANG_WARN_BOOL_CONVERSION = YES;
				CLANG_WARN_COMMA = YES;
				CLANG_WARN_CONSTANT_CONVERSION = YES;
				CLANG_WARN_DEPRECATED_OBJC_IMPLEMENTATIONS = YES;
				CLANG_WARN_DIRECT_OBJC_ISA_USAGE = YES_ERROR;
				CLANG_WARN_DOCUMENTATION_COMMENTS = YES;
				CLANG_WARN_EMPTY_BODY = YES;
				CLANG_WARN_ENUM_CONVERSION = YES;
				CLANG_WARN_INFINITE_RECURSION = YES;
				CLANG_WARN_INT_CONVERSION = YES;
				CLANG_WARN_NON_LITERAL_NULL_CONVERSION = YES;
				CLANG_WARN_OBJC_IMPLICIT_RETAIN_SELF = YES;
				CLANG_WARN_OBJC_LITERAL_CONVERSION = YES;
				CLANG_WARN_OBJC_ROOT_CLASS = YES_ERROR;
				CLANG_WARN_RANGE_LOOP_ANALYSIS = YES;
				CLANG_WARN_STRICT_PROTOTYPES = YES;
				CLANG_WARN_SUSPICIOUS_MOVE = YES;
				CLANG_WARN_UNGUARDED_AVAILABILITY = YES_AGGRESSIVE;
				CLANG_WARN_UNREACHABLE_CODE = YES;
				CLANG_WARN__DUPLICATE_METHOD_MATCH = YES;
				COPY_PHASE_STRIP = NO;
				DEBUG_INFORMATION_FORMAT = "dwarf-with-dsym";
				ENABLE_NS_ASSERTIONS = NO;
				ENABLE_STRICT_OBJC_MSGSEND = YES;
				GCC_C_LANGUAGE_STANDARD = gnu11;
				GCC_NO_COMMON_BLOCKS = YES;
				GCC_WARN_64_TO_32_BIT_CONVERSION = YES;
				GCC_WARN_ABOUT_RETURN_TYPE = YES_ERROR;
				GCC_WARN_UNDECLARED_SELECTOR = YES;
				GCC_WARN_UNINITIALIZED_AUTOS = YES_AGGRESSIVE;
				GCC_WARN_UNUSED_FUNCTION = YES;
				GCC_WARN_UNUSED_VARIABLE = YES;
				IPHONEOS_DEPLOYMENT_TARGET = 13.4;
				MTL_ENABLE_DEBUG_INFO = NO;
				MTL_FAST_MATH = YES;
				SDKROOT = iphoneos;
				SWIFT_COMPILATION_MODE = wholemodule;
				SWIFT_OPTIMIZATION_LEVEL = "-O";
				VALIDATE_PRODUCT = YES;
			};
			name = Release;
		};
		5A0620E22461F0230067ED4A /* Debug */ = {
			isa = XCBuildConfiguration;
			buildSettings = {
				ASSETCATALOG_COMPILER_APPICON_NAME = AppIcon;
				CODE_SIGN_STYLE = Automatic;
				INFOPLIST_FILE = Gigs_iOS17/Info.plist;
				LD_RUNPATH_SEARCH_PATHS = (
					"$(inherited)",
					"@executable_path/Frameworks",
				);
				PRODUCT_BUNDLE_IDENTIFIER = "com.StephanieBallard.Gigs-iOS17";
				PRODUCT_NAME = "$(TARGET_NAME)";
				SWIFT_VERSION = 5.0;
				TARGETED_DEVICE_FAMILY = "1,2";
			};
			name = Debug;
		};
		5A0620E32461F0230067ED4A /* Release */ = {
			isa = XCBuildConfiguration;
			buildSettings = {
				ASSETCATALOG_COMPILER_APPICON_NAME = AppIcon;
				CODE_SIGN_STYLE = Automatic;
				INFOPLIST_FILE = Gigs_iOS17/Info.plist;
				LD_RUNPATH_SEARCH_PATHS = (
					"$(inherited)",
					"@executable_path/Frameworks",
				);
				PRODUCT_BUNDLE_IDENTIFIER = "com.StephanieBallard.Gigs-iOS17";
				PRODUCT_NAME = "$(TARGET_NAME)";
				SWIFT_VERSION = 5.0;
				TARGETED_DEVICE_FAMILY = "1,2";
			};
			name = Release;
		};
/* End XCBuildConfiguration section */

/* Begin XCConfigurationList section */
		5A0620C82461F0220067ED4A /* Build configuration list for PBXProject "Gigs_iOS17" */ = {
			isa = XCConfigurationList;
			buildConfigurations = (
				5A0620DF2461F0230067ED4A /* Debug */,
				5A0620E02461F0230067ED4A /* Release */,
			);
			defaultConfigurationIsVisible = 0;
			defaultConfigurationName = Release;
		};
		5A0620E12461F0230067ED4A /* Build configuration list for PBXNativeTarget "Gigs_iOS17" */ = {
			isa = XCConfigurationList;
			buildConfigurations = (
				5A0620E22461F0230067ED4A /* Debug */,
				5A0620E32461F0230067ED4A /* Release */,
			);
			defaultConfigurationIsVisible = 0;
			defaultConfigurationName = Release;
		};
/* End XCConfigurationList section */
	};
	rootObject = 5A0620C52461F0220067ED4A /* Project object */;
}
